
Microsoft Visual Studio Solution File, Format Version 12.00
# Visual Studio Version 16
VisualStudioVersion = 16.0.29418.71
MinimumVisualStudioVersion = 10.0.40219.1
Project("{9A19103F-16F7-4668-BE54-9A1E7A4F7556}") = "AdventOfCodeRunner", "AdventOfCodeRunner\AdventOfCodeRunner.csproj", "{3789A156-9FCD-4662-A8A4-0AC6BA209FEA}"
EndProject
Project("{9A19103F-16F7-4668-BE54-9A1E7A4F7556}") = "AdventOfCode2015Tests", "AdventOfCode2015Tests\AdventOfCode2015Tests.csproj", "{428F3D1F-29C7-4C42-BF75-1C12A013CF2F}"
EndProject
Project("{9A19103F-16F7-4668-BE54-9A1E7A4F7556}") = "AdventOfCodeCommon", "AdventOfCodeCommon\AdventOfCodeCommon.csproj", "{39D0E791-AFC9-43F7-8172-F715A4E1D11F}"
EndProject
Project("{9A19103F-16F7-4668-BE54-9A1E7A4F7556}") = "AdventOfCode2015", "AdventOfCode2015\AdventOfCode2015.csproj", "{E58CF579-0FFB-4F2D-8B85-48A6F54A4324}"
EndProject
Project("{9A19103F-16F7-4668-BE54-9A1E7A4F7556}") = "AdventOfCode2019", "AdventOfCode2019\AdventOfCode2019.csproj", "{CE1EE1B3-B000-4324-9328-31CF0185DBED}"
EndProject
Project("{9A19103F-16F7-4668-BE54-9A1E7A4F7556}") = "AdventOfCode2020", "AdventOfCode2020\AdventOfCode2020.csproj", "{45ae9a2a-f023-4b16-b7b4-a1983e843ddf}"
EndProject
Project("{9A19103F-16F7-4668-BE54-9A1E7A4F7556}") = "AdventOfCode2020Tests", "AdventOfCode2020Tests\AdventOfCode2020Tests.csproj", "{7f957c82-93ee-40f7-8d41-6e78b2b4afe0}"
EndProject
Project("{2150E333-8FDC-42A3-9474-1A3956D46DE8}") = "Solution Items", "Solution Items", "{02228ED8-8B66-4A78-B7C2-A7F8F5179975}"
	ProjectSection(SolutionItems) = preProject
		.gitignore = .gitignore
		LICENSE = LICENSE
	EndProjectSection
EndProject
Project("{FAE04EC0-301F-11D3-BF4B-00C04F79EFBC}") = "AdventOfCode2023", "AdventOfCode2023\AdventOfCode2023.csproj", "{AEB5ED7B-760A-4C69-9A22-CA73F1AA5A6C}"
EndProject
Global
	GlobalSection(SolutionConfigurationPlatforms) = preSolution
		Debug|Any CPU = Debug|Any CPU
		Release|Any CPU = Release|Any CPU
	EndGlobalSection
	GlobalSection(ProjectConfigurationPlatforms) = postSolution
		{3789A156-9FCD-4662-A8A4-0AC6BA209FEA}.Debug|Any CPU.ActiveCfg = Debug|Any CPU
		{3789A156-9FCD-4662-A8A4-0AC6BA209FEA}.Debug|Any CPU.Build.0 = Debug|Any CPU
		{3789A156-9FCD-4662-A8A4-0AC6BA209FEA}.Release|Any CPU.ActiveCfg = Release|Any CPU
		{3789A156-9FCD-4662-A8A4-0AC6BA209FEA}.Release|Any CPU.Build.0 = Release|Any CPU
		{428F3D1F-29C7-4C42-BF75-1C12A013CF2F}.Debug|Any CPU.ActiveCfg = Debug|Any CPU
		{428F3D1F-29C7-4C42-BF75-1C12A013CF2F}.Debug|Any CPU.Build.0 = Debug|Any CPU
		{428F3D1F-29C7-4C42-BF75-1C12A013CF2F}.Release|Any CPU.ActiveCfg = Release|Any CPU
		{428F3D1F-29C7-4C42-BF75-1C12A013CF2F}.Release|Any CPU.Build.0 = Release|Any CPU
		{39D0E791-AFC9-43F7-8172-F715A4E1D11F}.Debug|Any CPU.ActiveCfg = Debug|Any CPU
		{39D0E791-AFC9-43F7-8172-F715A4E1D11F}.Debug|Any CPU.Build.0 = Debug|Any CPU
		{39D0E791-AFC9-43F7-8172-F715A4E1D11F}.Release|Any CPU.ActiveCfg = Release|Any CPU
		{39D0E791-AFC9-43F7-8172-F715A4E1D11F}.Release|Any CPU.Build.0 = Release|Any CPU
		{E58CF579-0FFB-4F2D-8B85-48A6F54A4324}.Debug|Any CPU.ActiveCfg = Debug|Any CPU
		{E58CF579-0FFB-4F2D-8B85-48A6F54A4324}.Debug|Any CPU.Build.0 = Debug|Any CPU
		{E58CF579-0FFB-4F2D-8B85-48A6F54A4324}.Release|Any CPU.ActiveCfg = Release|Any CPU
		{E58CF579-0FFB-4F2D-8B85-48A6F54A4324}.Release|Any CPU.Build.0 = Release|Any CPU
		{CE1EE1B3-B000-4324-9328-31CF0185DBED}.Debug|Any CPU.ActiveCfg = Debug|Any CPU
		{CE1EE1B3-B000-4324-9328-31CF0185DBED}.Debug|Any CPU.Build.0 = Debug|Any CPU
		{CE1EE1B3-B000-4324-9328-31CF0185DBED}.Release|Any CPU.ActiveCfg = Release|Any CPU
		{CE1EE1B3-B000-4324-9328-31CF0185DBED}.Release|Any CPU.Build.0 = Release|Any CPU
		{45ae9a2a-f023-4b16-b7b4-a1983e843ddf}.Debug|Any CPU.ActiveCfg = Debug|Any CPU
		{45ae9a2a-f023-4b16-b7b4-a1983e843ddf}.Debug|Any CPU.Build.0 = Debug|Any CPU
		{45ae9a2a-f023-4b16-b7b4-a1983e843ddf}.Release|Any CPU.ActiveCfg = Release|Any CPU
		{45ae9a2a-f023-4b16-b7b4-a1983e843ddf}.Release|Any CPU.Build.0 = Release|Any CPU
		{7f957c82-93ee-40f7-8d41-6e78b2b4afe0}.Debug|Any CPU.ActiveCfg = Debug|Any CPU
		{7f957c82-93ee-40f7-8d41-6e78b2b4afe0}.Debug|Any CPU.Build.0 = Debug|Any CPU
		{7f957c82-93ee-40f7-8d41-6e78b2b4afe0}.Release|Any CPU.ActiveCfg = Release|Any CPU
		{7f957c82-93ee-40f7-8d41-6e78b2b4afe0}.Release|Any CPU.Build.0 = Release|Any CPU
		{AEB5ED7B-760A-4C69-9A22-CA73F1AA5A6C}.Debug|Any CPU.ActiveCfg = Debug|Any CPU
		{AEB5ED7B-760A-4C69-9A22-CA73F1AA5A6C}.Debug|Any CPU.Build.0 = Debug|Any CPU
		{AEB5ED7B-760A-4C69-9A22-CA73F1AA5A6C}.Release|Any CPU.ActiveCfg = Release|Any CPU
		{AEB5ED7B-760A-4C69-9A22-CA73F1AA5A6C}.Release|Any CPU.Build.0 = Release|Any CPU
	EndGlobalSection
	GlobalSection(SolutionProperties) = preSolution
		HideSolutionNode = FALSE
	EndGlobalSection
	GlobalSection(ExtensibilityGlobals) = postSolution
		SolutionGuid = {80D792AE-4F12-4A1C-935A-3310421E86C2}
	EndGlobalSection
EndGlobal
